{
  "name": "@itchio/husk",
  "version": "1.0.0",
  "lockfileVersion": 1,
  "requires": true,
  "dependencies": {
    "@itchio/bob": {
      "version": "1.2.0",
      "resolved": "https://registry.npmjs.org/@itchio/bob/-/bob-1.2.0.tgz",
      "integrity": "sha512-S7bWPHAkoA34iNzcvVeBkh8Y454plzSnGM5eqsA4+5tnnld5P1x21GS10t5wHGDohLpIXv3IGu1s8RorVSJzTA=="
    },
    "@types/node": {
      "version": "14.0.5",
      "resolved": "https://registry.npmjs.org/@types/node/-/node-14.0.5.tgz",
      "integrity": "sha512-90hiq6/VqtQgX8Sp0EzeIsv3r+ellbGj4URKj5j30tLlZvRUpnAe9YbYnjl3pJM93GyXU0tghHhvXHq+5rnCKA==",
      "dev": true
    }
  }
}
